// !$*UTF8*$!
{
	archiveVersion = 1;
	classes = {
	};
	objectVersion = 77;
	objects = {

/* Begin PBXBuildFile section */
		A10000000000000000000021 /* CoreWLAN.framework in Frameworks */ = {isa = PBXBuildFile; fileRef = A10000000000000000000031 /* CoreWLAN.framework */; };
		A10000000000000000000022 /* IOKit.framework in Frameworks */ = {isa = PBXBuildFile; fileRef = A10000000000000000000032 /* IOKit.framework */; };
		A10000000000000000000023 /* IOBluetooth.framework in Frameworks */ = {isa = PBXBuildFile; fileRef = A10000000000000000000033 /* IOBluetooth.framework */; };
		A10000000000000000000024 /* ServiceManagement.framework in Frameworks */ = {isa = PBXBuildFile; fileRef = A10000000000000000000034 /* ServiceManagement.framework */; };
		A10000000000000000000025 /* XCTest.framework in Frameworks */ = {isa = PBXBuildFile; fileRef = A10000000000000000000035 /* XCTest.framework */; };
		A10000000000000000000026 /* CoreLocation.framework in Frameworks */ = {isa = PBXBuildFile; fileRef = A10000000000000000000036 /* CoreLocation.framework */; };
		B551DF03DEAD000000000001 /* Sparkle in Frameworks */ = {isa = PBXBuildFile; productRef = B551DF02DEAD000000000001 /* Sparkle */; };
/* End PBXBuildFile section */

/* Begin PBXContainerItemProxy section */
		A10000000000000000000041 /* PBXContainerItemProxy */ = {
			isa = PBXContainerItemProxy;
			containerPortal = A10000000000000000000001 /* Project object */;
			proxyType = 1;
			remoteGlobalIDString = A10000000000000000000011;
			remoteInfo = DuoBar;
		};
/* End PBXContainerItemProxy section */

/* Begin PBXFileReference section */
		A10000000000000000000012 /* DuoBar.app */ = {isa = PBXFileReference; explicitFileType = wrapper.application; includeInIndex = 0; path = DuoBar.app; sourceTree = BUILT_PRODUCTS_DIR; };
		A10000000000000000000014 /* DuoBarTests.xctest */ = {isa = PBXFileReference; explicitFileType = wrapper.cfbundle; includeInIndex = 0; path = DuoBarTests.xctest; sourceTree = BUILT_PRODUCTS_DIR; };
		A10000000000000000000031 /* CoreWLAN.framework */ = {isa = PBXFileReference; lastKnownFileType = wrapper.framework; name = CoreWLAN.framework; path = System/Library/Frameworks/CoreWLAN.framework; sourceTree = SDKROOT; };
		A10000000000000000000032 /* IOKit.framework */ = {isa = PBXFileReference; lastKnownFileType = wrapper.framework; name = IOKit.framework; path = System/Library/Frameworks/IOKit.framework; sourceTree = SDKROOT; };
		A10000000000000000000033 /* IOBluetooth.framework */ = {isa = PBXFileReference; lastKnownFileType = wrapper.framework; name = IOBluetooth.framework; path = System/Library/Frameworks/IOBluetooth.framework; sourceTree = SDKROOT; };
		A10000000000000000000034 /* ServiceManagement.framework */ = {isa = PBXFileReference; lastKnownFileType = wrapper.framework; name = ServiceManagement.framework; path = System/Library/Frameworks/ServiceManagement.framework; sourceTree = SDKROOT; };
		A10000000000000000000035 /* XCTest.framework */ = {isa = PBXFileReference; lastKnownFileType = wrapper.framework; name = XCTest.framework; path = System/Library/Frameworks/XCTest.framework; sourceTree = SDKROOT; };
		A10000000000000000000036 /* CoreLocation.framework */ = {isa = PBXFileReference; lastKnownFileType = wrapper.framework; name = CoreLocation.framework; path = System/Library/Frameworks/CoreLocation.framework; sourceTree = SDKROOT; };
/* End PBXFileReference section */

/* Begin PBXFileSystemSynchronizedRootGroup section */
		A10000000000000000000006 /* DuoBar */ = {
			isa = PBXFileSystemSynchronizedRootGroup;
			path = DuoBar;
			sourceTree = "<group>";
		};
		A10000000000000000000007 /* DuoBarTests */ = {
			isa = PBXFileSystemSynchronizedRootGroup;
			path = DuoBarTests;
			sourceTree = "<group>";
		};
/* End PBXFileSystemSynchronizedRootGroup section */

/* Begin PBXFrameworksBuildPhase section */
		A10000000000000000000051 /* Frameworks */ = {
			isa = PBXFrameworksBuildPhase;
			buildActionMask = 2147483647;
			files = (
				A10000000000000000000021 /* CoreWLAN.framework in Frameworks */,
				A10000000000000000000022 /* IOKit.framework in Frameworks */,
				A10000000000000000000023 /* IOBluetooth.framework in Frameworks */,
				A10000000000000000000024 /* ServiceManagement.framework in Frameworks */,
				A10000000000000000000026 /* CoreLocation.framework in Frameworks */,
				B551DF03DEAD000000000001 /* Sparkle in Frameworks */,
			);
			runOnlyForDeploymentPostprocessing = 0;
		};
		A10000000000000000000052 /* Frameworks */ = {
			isa = PBXFrameworksBuildPhase;
			buildActionMask = 2147483647;
			files = (
				A10000000000000000000025 /* XCTest.framework in Frameworks */,
			);
			runOnlyForDeploymentPostprocessing = 0;
		};
/* End PBXFrameworksBuildPhase section */

/* Begin PBXGroup section */
		A10000000000000000000002 = {
			isa = PBXGroup;
			children = (
				A10000000000000000000006 /* DuoBar */,
				A10000000000000000000007 /* DuoBarTests */,
				A10000000000000000000004 /* Frameworks */,
				A10000000000000000000003 /* Products */,
			);
			sourceTree = "<group>";
		};
		A10000000000000000000003 /* Products */ = {
			isa = PBXGroup;
			children = (
				A10000000000000000000012 /* DuoBar.app */,
				A10000000000000000000014 /* DuoBarTests.xctest */,
			);
			name = Products;
			sourceTree = "<group>";
		};
		A10000000000000000000004 /* Frameworks */ = {
			isa = PBXGroup;
			children = (
				A10000000000000000000031 /* CoreWLAN.framework */,
				A10000000000000000000032 /* IOKit.framework */,
				A10000000000000000000033 /* IOBluetooth.framework */,
				A10000000000000000000034 /* ServiceManagement.framework */,
				A10000000000000000000035 /* XCTest.framework */,
				A10000000000000000000036 /* CoreLocation.framework */,
			);
			name = Frameworks;
			sourceTree = "<group>";
		};
/* End PBXGroup section */

/* Begin PBXNativeTarget section */
		A10000000000000000000011 /* DuoBar */ = {
			isa = PBXNativeTarget;
			buildConfigurationList = A10000000000000000000061 /* Build configuration list for PBXNativeTarget "DuoBar" */;
			buildPhases = (
				A10000000000000000000053 /* Sources */,
				A10000000000000000000051 /* Frameworks */,
				A10000000000000000000054 /* Resources */,
			);
			buildRules = (
			);
			dependencies = (
			);
			fileSystemSynchronizedGroups = (
				A10000000000000000000006 /* DuoBar */,
			);
			name = DuoBar;
			packageProductDependencies = (
				B551DF02DEAD000000000001 /* Sparkle */,
			);
			productName = DuoBar;
			productReference = A10000000000000000000012 /* DuoBar.app */;
			productType = "com.apple.product-type.application";
		};
		A10000000000000000000013 /* DuoBarTests */ = {
			isa = PBXNativeTarget;
			buildConfigurationList = A10000000000000000000062 /* Build configuration list for PBXNativeTarget "DuoBarTests" */;
			buildPhases = (
				A10000000000000000000055 /* Sources */,
				A10000000000000000000052 /* Frameworks */,
				A10000000000000000000056 /* Resources */,
			);
			buildRules = (
			);
			dependencies = (
				A10000000000000000000042 /* PBXTargetDependency */,
			);
			fileSystemSynchronizedGroups = (
				A10000000000000000000007 /* DuoBarTests */,
			);
			name = DuoBarTests;
			productName = DuoBarTests;
			productReference = A10000000000000000000014 /* DuoBarTests.xctest */;
			productType = "com.apple.product-type.bundle.unit-test";
		};
/* End PBXNativeTarget section */

/* Begin PBXProject section */
		A10000000000000000000001 /* Project object */ = {
			isa = PBXProject;
			attributes = {
				BuildIndependentTargetsInParallel = 1;
				LastSwiftUpdateCheck = 2660;
				LastUpgradeCheck = 2660;
				TargetAttributes = {
					A10000000000000000000011 = {
						CreatedOnToolsVersion = 26.6;
					};
					A10000000000000000000013 = {
						CreatedOnToolsVersion = 26.6;
						TestTargetID = A10000000000000000000011;
					};
				};
			};
			buildConfigurationList = A10000000000000000000060 /* Build configuration list for PBXProject "DuoBar" */;
			developmentRegion = en;
			hasScannedForEncodings = 0;
			knownRegions = (
				en,
				Base,
				"zh-Hans",
				"zh-Hant",
			);
			mainGroup = A10000000000000000000002;
			preferredProjectObjectVersion = 77;
			productRefGroup = A10000000000000000000003 /* Products */;
			projectDirPath = "";
			packageReferences = (
				B551DF01DEAD000000000001 /* XCRemoteSwiftPackageReference "Sparkle" */,
			);
			projectRoot = "";
			targets = (
				A10000000000000000000011 /* DuoBar */,
				A10000000000000000000013 /* DuoBarTests */,
			);
		};

/* Begin XCRemoteSwiftPackageReference section */
		B551DF01DEAD000000000001 /* XCRemoteSwiftPackageReference "Sparkle" */ = {
			isa = XCRemoteSwiftPackageReference;
			repositoryURL = "https://github.com/sparkle-project/Sparkle";
			requirement = {
				kind = upToNextMajorVersion;
				minimumVersion = 2.0.0;
			};
		};
/* End XCRemoteSwiftPackageReference section */


/* Begin XCSwiftPackageProductDependency section */
		B551DF02DEAD000000000001 /* XCSwiftPackageProductDependency */ = {
			isa = XCSwiftPackageProductDependency;
			package = B551DF01DEAD000000000001 /* XCRemoteSwiftPackageReference "Sparkle" */;
			productName = Sparkle;
		};
/* End XCSwiftPackageProductDependency section */

/* End PBXProject section */

/* Begin PBXResourcesBuildPhase section */
		A10000000000000000000054 /* Resources */ = {
			isa = PBXResourcesBuildPhase;
			buildActionMask = 2147483647;
			files = (
			);
			runOnlyForDeploymentPostprocessing = 0;
		};
		A10000000000000000000056 /* Resources */ = {
			isa = PBXResourcesBuildPhase;
			buildActionMask = 2147483647;
			files = (
			);
			runOnlyForDeploymentPostprocessing = 0;
		};
/* End PBXResourcesBuildPhase section */

/* Begin PBXSourcesBuildPhase section */
		A10000000000000000000053 /* Sources */ = {
			isa = PBXSourcesBuildPhase;
			buildActionMask = 2147483647;
			files = (
			);
			runOnlyForDeploymentPostprocessing = 0;
		};
		A10000000000000000000055 /* Sources */ = {
			isa = PBXSourcesBuildPhase;
			buildActionMask = 2147483647;
			files = (
			);
			runOnlyForDeploymentPostprocessing = 0;
		};
/* End PBXSourcesBuildPhase section */

/* Begin PBXTargetDependency section */
		A10000000000000000000042 /* PBXTargetDependency */ = {
			isa = PBXTargetDependency;
			target = A10000000000000000000011 /* DuoBar */;
			targetProxy = A10000000000000000000041 /* PBXContainerItemProxy */;
		};
/* End PBXTargetDependency section */

/* Begin XCBuildConfiguration section */
		A10000000000000000000071 /* Debug */ = {
			isa = XCBuildConfiguration;
			buildSettings = {
				ARCHS = "$(ARCHS_STANDARD)";
				ALWAYS_SEARCH_USER_PATHS = NO;
				CLANG_ENABLE_MODULES = YES;
				CLANG_ENABLE_OBJC_ARC = YES;
				COPY_PHASE_STRIP = NO;
				DEBUG_INFORMATION_FORMAT = dwarf;
				ENABLE_TESTABILITY = YES;
				GCC_C_LANGUAGE_STANDARD = gnu17;
				GCC_OPTIMIZATION_LEVEL = 0;
				MACOSX_DEPLOYMENT_TARGET = 13.0;
				ONLY_ACTIVE_ARCH = YES;
				SDKROOT = macosx;
				SWIFT_ACTIVE_COMPILATION_CONDITIONS = "DEBUG $(inherited)";
				SWIFT_OPTIMIZATION_LEVEL = "-Onone";
			};
			name = Debug;
		};
		A10000000000000000000072 /* Release */ = {
			isa = XCBuildConfiguration;
			buildSettings = {
				ARCHS = "$(ARCHS_STANDARD)";
				ALWAYS_SEARCH_USER_PATHS = NO;
				CLANG_ENABLE_MODULES = YES;
				CLANG_ENABLE_OBJC_ARC = YES;
				COPY_PHASE_STRIP = NO;
				DEBUG_INFORMATION_FORMAT = "dwarf-with-dsym";
				ENABLE_NS_ASSERTIONS = NO;
				GCC_C_LANGUAGE_STANDARD = gnu17;
				MACOSX_DEPLOYMENT_TARGET = 13.0;
				SDKROOT = macosx;
				SWIFT_COMPILATION_MODE = wholemodule;
				SWIFT_OPTIMIZATION_LEVEL = "-O";
			};
			name = Release;
		};
		A10000000000000000000073 /* Debug */ = {
			isa = XCBuildConfiguration;
			buildSettings = {
				ASSETCATALOG_COMPILER_APPICON_NAME = AppIcon;
				"CODE_SIGN_IDENTITY[sdk=macosx*]" = "Apple Development";
				CODE_SIGN_STYLE = Automatic;
				COMBINE_HIDPI_IMAGES = YES;
				CURRENT_PROJECT_VERSION = 3;
				DEVELOPMENT_TEAM = M42BR3TVW4;
				ENABLE_HARDENED_RUNTIME = YES;
				GENERATE_INFOPLIST_FILE = YES;
				INFOPLIST_KEY_CFBundleDisplayName = DuoBar;
				INFOPLIST_KEY_LSApplicationCategoryType = "public.app-category.utilities";
				INFOPLIST_KEY_LSUIElement = YES;
				INFOPLIST_KEY_NSBluetoothAlwaysUsageDescription = "DuoBar uses Bluetooth availability with public audio metadata to recognize supported Bluetooth audio connections.";
				INFOPLIST_KEY_NSLocationWhenInUseUsageDescription = "DuoBar uses location access only to display the name of the Wi-Fi network you are connected to.";
				MARKETING_VERSION = 1.1.0;
				PRODUCT_BUNDLE_IDENTIFIER = com.mikeli.duobar;
				PRODUCT_NAME = "$(TARGET_NAME)";
				SWIFT_EMIT_LOC_STRINGS = YES;
				SWIFT_STRICT_CONCURRENCY = minimal;
				SWIFT_VERSION = 5.0;
			};
			name = Debug;
		};
		A10000000000000000000074 /* Release */ = {
			isa = XCBuildConfiguration;
			buildSettings = {
				ASSETCATALOG_COMPILER_APPICON_NAME = AppIcon;
				CODE_SIGN_INJECT_BASE_ENTITLEMENTS = NO;
				"CODE_SIGN_IDENTITY[sdk=macosx*]" = "Apple Development";
				CODE_SIGN_STYLE = Automatic;
				COMBINE_HIDPI_IMAGES = YES;
				CURRENT_PROJECT_VERSION = 3;
				DEVELOPMENT_TEAM = M42BR3TVW4;
				ENABLE_HARDENED_RUNTIME = YES;
				GENERATE_INFOPLIST_FILE = YES;
				INFOPLIST_KEY_CFBundleDisplayName = DuoBar;
				INFOPLIST_KEY_LSApplicationCategoryType = "public.app-category.utilities";
				INFOPLIST_KEY_LSUIElement = YES;
				INFOPLIST_KEY_NSBluetoothAlwaysUsageDescription = "DuoBar uses Bluetooth availability with public audio metadata to recognize supported Bluetooth audio connections.";
				INFOPLIST_KEY_NSLocationWhenInUseUsageDescription = "DuoBar uses location access only to display the name of the Wi-Fi network you are connected to.";
				MARKETING_VERSION = 1.1.0;
				PRODUCT_BUNDLE_IDENTIFIER = com.mikeli.duobar;
				PRODUCT_NAME = "$(TARGET_NAME)";
				SWIFT_EMIT_LOC_STRINGS = YES;
				SWIFT_STRICT_CONCURRENCY = minimal;
				SWIFT_VERSION = 5.0;
			};
			name = Release;
		};
		A10000000000000000000075 /* Debug */ = {
			isa = XCBuildConfiguration;
			buildSettings = {
				BUNDLE_LOADER = "$(TEST_HOST)";
				"CODE_SIGN_IDENTITY[sdk=macosx*]" = "Apple Development";
				CODE_SIGN_STYLE = Automatic;
				DEVELOPMENT_TEAM = M42BR3TVW4;
				GENERATE_INFOPLIST_FILE = YES;
				MACOSX_DEPLOYMENT_TARGET = 13.0;
				PRODUCT_BUNDLE_IDENTIFIER = com.duobar.app.tests;
				PRODUCT_NAME = "$(TARGET_NAME)";
				SWIFT_STRICT_CONCURRENCY = minimal;
				SWIFT_VERSION = 5.0;
				TEST_HOST = "$(BUILT_PRODUCTS_DIR)/DuoBar.app/Contents/MacOS/DuoBar";
			};
			name = Debug;
		};
		A10000000000000000000076 /* Release */ = {
			isa = XCBuildConfiguration;
			buildSettings = {
				BUNDLE_LOADER = "$(TEST_HOST)";
				"CODE_SIGN_IDENTITY[sdk=macosx*]" = "Apple Development";
				CODE_SIGN_STYLE = Automatic;
				DEVELOPMENT_TEAM = M42BR3TVW4;
				GENERATE_INFOPLIST_FILE = YES;
				MACOSX_DEPLOYMENT_TARGET = 13.0;
				PRODUCT_BUNDLE_IDENTIFIER = com.duobar.app.tests;
				PRODUCT_NAME = "$(TARGET_NAME)";
				SWIFT_STRICT_CONCURRENCY = minimal;
				SWIFT_VERSION = 5.0;
				TEST_HOST = "$(BUILT_PRODUCTS_DIR)/DuoBar.app/Contents/MacOS/DuoBar";
			};
			name = Release;
		};
/* End XCBuildConfiguration section */

/* Begin XCConfigurationList section */
		A10000000000000000000060 /* Build configuration list for PBXProject "DuoBar" */ = {
			isa = XCConfigurationList;
			buildConfigurations = (
				A10000000000000000000071 /* Debug */,
				A10000000000000000000072 /* Release */,
			);
			defaultConfigurationIsVisible = 0;
			defaultConfigurationName = Release;
		};
		A10000000000000000000061 /* Build configuration list for PBXNativeTarget "DuoBar" */ = {
			isa = XCConfigurationList;
			buildConfigurations = (
				A10000000000000000000073 /* Debug */,
				A10000000000000000000074 /* Release */,
			);
			defaultConfigurationIsVisible = 0;
			defaultConfigurationName = Release;
		};
		A10000000000000000000062 /* Build configuration list for PBXNativeTarget "DuoBarTests" */ = {
			isa = XCConfigurationList;
			buildConfigurations = (
				A10000000000000000000075 /* Debug */,
				A10000000000000000000076 /* Release */,
			);
			defaultConfigurationIsVisible = 0;
			defaultConfigurationName = Release;
		};
/* End XCConfigurationList section */
	};
	rootObject = A10000000000000000000001 /* Project object */;
}
